
Microsoft Visual Studio Solution File, Format Version 12.00
# Visual Studio Version 17
VisualStudioVersion = 17.7.34221.43
MinimumVisualStudioVersion = 10.0.40219.1
Project("{FAE04EC0-301F-11D3-BF4B-00C04F79EFBC}") = "WFAdolgozat", "WFAdolgozat\WFAdolgozat.csproj", "{2F1DCE38-916E-41B3-8AD1-E35FC5216D60}"
EndProject
Global
	GlobalSection(SolutionConfigurationPlatforms) = preSolution
		Debug|Any CPU = Debug|Any CPU
		Release|Any CPU = Release|Any CPU
	EndGlobalSection
	GlobalSection(ProjectConfigurationPlatforms) = postSolution
		{2F1DCE38-916E-41B3-8AD1-E35FC5216D60}.Debug|Any CPU.ActiveCfg = Debug|Any CPU
		{2F1DCE38-916E-41B3-8AD1-E35FC5216D60}.Debug|Any CPU.Build.0 = Debug|Any CPU
		{2F1DCE38-916E-41B3-8AD1-E35FC5216D60}.Release|Any CPU.ActiveCfg = Release|Any CPU
		{2F1DCE38-916E-41B3-8AD1-E35FC5216D60}.Release|Any CPU.Build.0 = Release|Any CPU
	EndGlobalSection
	GlobalSection(SolutionProperties) = preSolution
		HideSolutionNode = FALSE
	EndGlobalSection
	GlobalSection(ExtensibilityGlobals) = postSolution
		SolutionGuid = {0AC6E8C6-9535-433F-A34C-5A36E5879E53}
	EndGlobalSection
EndGlobal
